// !$*UTF8*$!
{
	archiveVersion = 1;
	classes = {
	};
	objectVersion = 50;
	objects = {

/* Begin PBXBuildFile section */
		07F39E6EEABE4FA31AAEDC80 /* Pods_QuitaLikePicker.framework in Frameworks */ = {isa = PBXBuildFile; fileRef = 47B7B0A67A2E80839B69F425 /* Pods_QuitaLikePicker.framework */; };
		674061A321FE0A930065B7DC /* ListViewController.swift in Sources */ = {isa = PBXBuildFile; fileRef = 674061A221FE0A930065B7DC /* ListViewController.swift */; };
		67DB948821FD4C21000F17ED /* AppDelegate.swift in Sources */ = {isa = PBXBuildFile; fileRef = 67DB948721FD4C21000F17ED /* AppDelegate.swift */; };
		67DB948A21FD4C21000F17ED /* ViewController.swift in Sources */ = {isa = PBXBuildFile; fileRef = 67DB948921FD4C21000F17ED /* ViewController.swift */; };
		67DB948D21FD4C21000F17ED /* Main.storyboard in Resources */ = {isa = PBXBuildFile; fileRef = 67DB948B21FD4C21000F17ED /* Main.storyboard */; };
		67DB948F21FD4C22000F17ED /* Assets.xcassets in Resources */ = {isa = PBXBuildFile; fileRef = 67DB948E21FD4C22000F17ED /* Assets.xcassets */; };
		67DB949221FD4C22000F17ED /* LaunchScreen.storyboard in Resources */ = {isa = PBXBuildFile; fileRef = 67DB949021FD4C22000F17ED /* LaunchScreen.storyboard */; };
/* End PBXBuildFile section */

/* Begin PBXFileReference section */
		47B7B0A67A2E80839B69F425 /* Pods_QuitaLikePicker.framework */ = {isa = PBXFileReference; explicitFileType = wrapper.framework; includeInIndex = 0; path = Pods_QuitaLikePicker.framework; sourceTree = BUILT_PRODUCTS_DIR; };
		674061A221FE0A930065B7DC /* ListViewController.swift */ = {isa = PBXFileReference; lastKnownFileType = sourcecode.swift; path = ListViewController.swift; sourceTree = "<group>"; };
		67DB948421FD4C21000F17ED /* QuitaLikePicker.app */ = {isa = PBXFileReference; explicitFileType = wrapper.application; includeInIndex = 0; path = QuitaLikePicker.app; sourceTree = BUILT_PRODUCTS_DIR; };
		67DB948721FD4C21000F17ED /* AppDelegate.swift */ = {isa = PBXFileReference; lastKnownFileType = sourcecode.swift; path = AppDelegate.swift; sourceTree = "<group>"; };
		67DB948921FD4C21000F17ED /* ViewController.swift */ = {isa = PBXFileReference; lastKnownFileType = sourcecode.swift; path = ViewController.swift; sourceTree = "<group>"; };
		67DB948C21FD4C21000F17ED /* Base */ = {isa = PBXFileReference; lastKnownFileType = file.storyboard; name = Base; path = Base.lproj/Main.storyboard; sourceTree = "<group>"; };
		67DB948E21FD4C22000F17ED /* Assets.xcassets */ = {isa = PBXFileReference; lastKnownFileType = folder.assetcatalog; path = Assets.xcassets; sourceTree = "<group>"; };
		67DB949121FD4C22000F17ED /* Base */ = {isa = PBXFileReference; lastKnownFileType = file.storyboard; name = Base; path = Base.lproj/LaunchScreen.storyboard; sourceTree = "<group>"; };
		67DB949321FD4C22000F17ED /* Info.plist */ = {isa = PBXFileReference; lastKnownFileType = text.plist.xml; path = Info.plist; sourceTree = "<group>"; };
		BD9BF595FF0EE4BA2BB35FBA /* Pods-QuitaLikePicker.debug.xcconfig */ = {isa = PBXFileReference; includeInIndex = 1; lastKnownFileType = text.xcconfig; name = "Pods-QuitaLikePicker.debug.xcconfig"; path = "Pods/Target Support Files/Pods-QuitaLikePicker/Pods-QuitaLikePicker.debug.xcconfig"; sourceTree = "<group>"; };
		E0A134D0C73EDE8CB2573D48 /* Pods-QuitaLikePicker.release.xcconfig */ = {isa = PBXFileReference; includeInIndex = 1; lastKnownFileType = text.xcconfig; name = "Pods-QuitaLikePicker.release.xcconfig"; path = "Pods/Target Support Files/Pods-QuitaLikePicker/Pods-QuitaLikePicker.release.xcconfig"; sourceTree = "<group>"; };
/* End PBXFileReference section */

/* Begin PBXFrameworksBuildPhase section */
		67DB948121FD4C21000F17ED /* Frameworks */ = {
			isa = PBXFrameworksBuildPhase;
			buildActionMask = 2147483647;
			files = (
				07F39E6EEABE4FA31AAEDC80 /* Pods_QuitaLikePicker.framework in Frameworks */,
			);
			runOnlyForDeploymentPostprocessing = 0;
		};
/* End PBXFrameworksBuildPhase section */

/* Begin PBXGroup section */
		00F67304037AE0B374D819E4 /* Pods */ = {
			isa = PBXGroup;
			children = (
				BD9BF595FF0EE4BA2BB35FBA /* Pods-QuitaLikePicker.debug.xcconfig */,
				E0A134D0C73EDE8CB2573D48 /* Pods-QuitaLikePicker.release.xcconfig */,
			);
			name = Pods;
			sourceTree = "<group>";
		};
		084264B817CB54F09191BA4B /* Frameworks */ = {
			isa = PBXGroup;
			children = (
				47B7B0A67A2E80839B69F425 /* Pods_QuitaLikePicker.framework */,
			);
			name = Frameworks;
			sourceTree = "<group>";
		};
		67DB947B21FD4C21000F17ED = {
			isa = PBXGroup;
			children = (
				67DB948621FD4C21000F17ED /* QuitaLikePicker */,
				67DB948521FD4C21000F17ED /* Products */,
				00F67304037AE0B374D819E4 /* Pods */,
				084264B817CB54F09191BA4B /* Frameworks */,
			);
			sourceTree = "<group>";
		};
		67DB948521FD4C21000F17ED /* Products */ = {
			isa = PBXGroup;
			children = (
				67DB948421FD4C21000F17ED /* QuitaLikePicker.app */,
			);
			name = Products;
			sourceTree = "<group>";
		};
		67DB948621FD4C21000F17ED /* QuitaLikePicker */ = {
			isa = PBXGroup;
			children = (
				67DB948721FD4C21000F17ED /* AppDelegate.swift */,
				67DB948921FD4C21000F17ED /* ViewController.swift */,
				674061A221FE0A930065B7DC /* ListViewController.swift */,
				67DB948B21FD4C21000F17ED /* Main.storyboard */,
				67DB948E21FD4C22000F17ED /* Assets.xcassets */,
				67DB949021FD4C22000F17ED /* LaunchScreen.storyboard */,
				67DB949321FD4C22000F17ED /* Info.plist */,
			);
			path = QuitaLikePicker;
			sourceTree = "<group>";
		};
/* End PBXGroup section */

/* Begin PBXNativeTarget section */
		67DB948321FD4C21000F17ED /* QuitaLikePicker */ = {
			isa = PBXNativeTarget;
			buildConfigurationList = 67DB949621FD4C22000F17ED /* Build configuration list for PBXNativeTarget "QuitaLikePicker" */;
			buildPhases = (
				79E0B96A7587E55F310E980F /* [CP] Check Pods Manifest.lock */,
				67DB948021FD4C21000F17ED /* Sources */,
				67DB948121FD4C21000F17ED /* Frameworks */,
				67DB948221FD4C21000F17ED /* Resources */,
				677FC35B7F6A6E1CA748BE6C /* [CP] Embed Pods Frameworks */,
			);
			buildRules = (
			);
			dependencies = (
			);
			name = QuitaLikePicker;
			productName = Tinder;
			productReference = 67DB948421FD4C21000F17ED /* QuitaLikePicker.app */;
			productType = "com.apple.product-type.application";
		};
/* End PBXNativeTarget section */

/* Begin PBXProject section */
		67DB947C21FD4C21000F17ED /* Project object */ = {
			isa = PBXProject;
			attributes = {
				LastSwiftUpdateCheck = 1010;
				LastUpgradeCheck = 1010;
				ORGANIZATIONNAME = "山本竜也";
				TargetAttributes = {
					67DB948321FD4C21000F17ED = {
						CreatedOnToolsVersion = 10.1;
					};
				};
			};
			buildConfigurationList = 67DB947F21FD4C21000F17ED /* Build configuration list for PBXProject "QuitaLikePicker" */;
			compatibilityVersion = "Xcode 9.3";
			developmentRegion = en;
			hasScannedForEncodings = 0;
			knownRegions = (
				en,
				Base,
			);
			mainGroup = 67DB947B21FD4C21000F17ED;
			productRefGroup = 67DB948521FD4C21000F17ED /* Products */;
			projectDirPath = "";
			projectRoot = "";
			targets = (
				67DB948321FD4C21000F17ED /* QuitaLikePicker */,
			);
		};
/* End PBXProject section */

/* Begin PBXResourcesBuildPhase section */
		67DB948221FD4C21000F17ED /* Resources */ = {
			isa = PBXResourcesBuildPhase;
			buildActionMask = 2147483647;
			files = (
				67DB949221FD4C22000F17ED /* LaunchScreen.storyboard in Resources */,
				67DB948F21FD4C22000F17ED /* Assets.xcassets in Resources */,
				67DB948D21FD4C21000F17ED /* Main.storyboard in Resources */,
			);
			runOnlyForDeploymentPostprocessing = 0;
		};
/* End PBXResourcesBuildPhase section */

/* Begin PBXShellScriptBuildPhase section */
		677FC35B7F6A6E1CA748BE6C /* [CP] Embed Pods Frameworks */ = {
			isa = PBXShellScriptBuildPhase;
			buildActionMask = 2147483647;
			files = (
			);
			inputFileListPaths = (
			);
			inputPaths = (
				"${SRCROOT}/Pods/Target Support Files/Pods-QuitaLikePicker/Pods-QuitaLikePicker-frameworks.sh",
				"${BUILT_PRODUCTS_DIR}/Alamofire/Alamofire.framework",
				"${BUILT_PRODUCTS_DIR}/SwiftyJSON/SwiftyJSON.framework",
			);
			name = "[CP] Embed Pods Frameworks";
			outputFileListPaths = (
			);
			outputPaths = (
				"${TARGET_BUILD_DIR}/${FRAMEWORKS_FOLDER_PATH}/Alamofire.framework",
				"${TARGET_BUILD_DIR}/${FRAMEWORKS_FOLDER_PATH}/SwiftyJSON.framework",
			);
			runOnlyForDeploymentPostprocessing = 0;
			shellPath = /bin/sh;
			shellScript = "\"${SRCROOT}/Pods/Target Support Files/Pods-QuitaLikePicker/Pods-QuitaLikePicker-frameworks.sh\"\n";
			showEnvVarsInLog = 0;
		};
		79E0B96A7587E55F310E980F /* [CP] Check Pods Manifest.lock */ = {
			isa = PBXShellScriptBuildPhase;
			buildActionMask = 2147483647;
			files = (
			);
			inputFileListPaths = (
			);
			inputPaths = (
				"${PODS_PODFILE_DIR_PATH}/Podfile.lock",
				"${PODS_ROOT}/Manifest.lock",
			);
			name = "[CP] Check Pods Manifest.lock";
			outputFileListPaths = (
			);
			outputPaths = (
				"$(DERIVED_FILE_DIR)/Pods-QuitaLikePicker-checkManifestLockResult.txt",
			);
			runOnlyForDeploymentPostprocessing = 0;
			shellPath = /bin/sh;
			shellScript = "diff \"${PODS_PODFILE_DIR_PATH}/Podfile.lock\" \"${PODS_ROOT}/Manifest.lock\" > /dev/null\nif [ $? != 0 ] ; then\n    # print error to STDERR\n    echo \"error: The sandbox is not in sync with the Podfile.lock. Run 'pod install' or update your CocoaPods installation.\" >&2\n    exit 1\nfi\n# This output is used by Xcode 'outputs' to avoid re-running this script phase.\necho \"SUCCESS\" > \"${SCRIPT_OUTPUT_FILE_0}\"\n";
			showEnvVarsInLog = 0;
		};
/* End PBXShellScriptBuildPhase section */

/* Begin PBXSourcesBuildPhase section */
		67DB948021FD4C21000F17ED /* Sources */ = {
			isa = PBXSourcesBuildPhase;
			buildActionMask = 2147483647;
			files = (
				67DB948A21FD4C21000F17ED /* ViewController.swift in Sources */,
				67DB948821FD4C21000F17ED /* AppDelegate.swift in Sources */,
				674061A321FE0A930065B7DC /* ListViewController.swift in Sources */,
			);
			runOnlyForDeploymentPostprocessing = 0;
		};
/* End PBXSourcesBuildPhase section */

/* Begin PBXVariantGroup section */
		67DB948B21FD4C21000F17ED /* Main.storyboard */ = {
			isa = PBXVariantGroup;
			children = (
				67DB948C21FD4C21000F17ED /* Base */,
			);
			name = Main.storyboard;
			sourceTree = "<group>";
		};
		67DB949021FD4C22000F17ED /* LaunchScreen.storyboard */ = {
			isa = PBXVariantGroup;
			children = (
				67DB949121FD4C22000F17ED /* Base */,
			);
			name = LaunchScreen.storyboard;
			sourceTree = "<group>";
		};
/* End PBXVariantGroup section */

/* Begin XCBuildConfiguration section */
		67DB949421FD4C22000F17ED /* Debug */ = {
			isa = XCBuildConfiguration;
			buildSettings = {
				ALWAYS_SEARCH_USER_PATHS = NO;
				CLANG_ANALYZER_NONNULL = YES;
				CLANG_ANALYZER_NUMBER_OBJECT_CONVERSION = YES_AGGRESSIVE;
				CLANG_CXX_LANGUAGE_STANDARD = "gnu++14";
				CLANG_CXX_LIBRARY = "libc++";
				CLANG_ENABLE_MODULES = YES;
				CLANG_ENABLE_OBJC_ARC = YES;
				CLANG_ENABLE_OBJC_WEAK = YES;
				CLANG_WARN_BLOCK_CAPTURE_AUTORELEASING = YES;
				CLANG_WARN_BOOL_CONVERSION = YES;
				CLANG_WARN_COMMA = YES;
				CLANG_WARN_CONSTANT_CONVERSION = YES;
				CLANG_WARN_DEPRECATED_OBJC_IMPLEMENTATIONS = YES;
				CLANG_WARN_DIRECT_OBJC_ISA_USAGE = YES_ERROR;
				CLANG_WARN_DOCUMENTATION_COMMENTS = YES;
				CLANG_WARN_EMPTY_BODY = YES;
				CLANG_WARN_ENUM_CONVERSION = YES;
				CLANG_WARN_INFINITE_RECURSION = YES;
				CLANG_WARN_INT_CONVERSION = YES;
				CLANG_WARN_NON_LITERAL_NULL_CONVERSION = YES;
				CLANG_WARN_OBJC_IMPLICIT_RETAIN_SELF = YES;
				CLANG_WARN_OBJC_LITERAL_CONVERSION = YES;
				CLANG_WARN_OBJC_ROOT_CLASS = YES_ERROR;
				CLANG_WARN_RANGE_LOOP_ANALYSIS = YES;
				CLANG_WARN_STRICT_PROTOTYPES = YES;
				CLANG_WARN_SUSPICIOUS_MOVE = YES;
				CLANG_WARN_UNGUARDED_AVAILABILITY = YES_AGGRESSIVE;
				CLANG_WARN_UNREACHABLE_CODE = YES;
				CLANG_WARN__DUPLICATE_METHOD_MATCH = YES;
				CODE_SIGN_IDENTITY = "iPhone Developer";
				COPY_PHASE_STRIP = NO;
				DEBUG_INFORMATION_FORMAT = dwarf;
				ENABLE_STRICT_OBJC_MSGSEND = YES;
				ENABLE_TESTABILITY = YES;
				GCC_C_LANGUAGE_STANDARD = gnu11;
				GCC_DYNAMIC_NO_PIC = NO;
				GCC_NO_COMMON_BLOCKS = YES;
				GCC_OPTIMIZATION_LEVEL = 0;
				GCC_PREPROCESSOR_DEFINITIONS = (
					"DEBUG=1",
					"$(inherited)",
				);
				GCC_WARN_64_TO_32_BIT_CONVERSION = YES;
				GCC_WARN_ABOUT_RETURN_TYPE = YES_ERROR;
				GCC_WARN_UNDECLARED_SELECTOR = YES;
				GCC_WARN_UNINITIALIZED_AUTOS = YES_AGGRESSIVE;
				GCC_WARN_UNUSED_FUNCTION = YES;
				GCC_WARN_UNUSED_VARIABLE = YES;
				IPHONEOS_DEPLOYMENT_TARGET = 12.1;
				MTL_ENABLE_DEBUG_INFO = INCLUDE_SOURCE;
				MTL_FAST_MATH = YES;
				ONLY_ACTIVE_ARCH = YES;
				SDKROOT = iphoneos;
				SWIFT_ACTIVE_COMPILATION_CONDITIONS = DEBUG;
				SWIFT_OPTIMIZATION_LEVEL = "-Onone";
			};
			name = Debug;
		};
		67DB949521FD4C22000F17ED /* Release */ = {
			isa = XCBuildConfiguration;
			buildSettings = {
				ALWAYS_SEARCH_USER_PATHS = NO;
				CLANG_ANALYZER_NONNULL = YES;
				CLANG_ANALYZER_NUMBER_OBJECT_CONVERSION = YES_AGGRESSIVE;
				CLANG_CXX_LANGUAGE_STANDARD = "gnu++14";
				CLANG_CXX_LIBRARY = "libc++";
				CLANG_ENABLE_MODULES = YES;
				CLANG_ENABLE_OBJC_ARC = YES;
				CLANG_ENABLE_OBJC_WEAK = YES;
				CLANG_WARN_BLOCK_CAPTURE_AUTORELEASING = YES;
				CLANG_WARN_BOOL_CONVERSION = YES;
				CLANG_WARN_COMMA = YES;
				CLANG_WARN_CONSTANT_CONVERSION = YES;
				CLANG_WARN_DEPRECATED_OBJC_IMPLEMENTATIONS = YES;
				CLANG_WARN_DIRECT_OBJC_ISA_USAGE = YES_ERROR;
				CLANG_WARN_DOCUMENTATION_COMMENTS = YES;
				CLANG_WARN_EMPTY_BODY = YES;
				CLANG_WARN_ENUM_CONVERSION = YES;
				CLANG_WARN_INFINITE_RECURSION = YES;
				CLANG_WARN_INT_CONVERSION = YES;
				CLANG_WARN_NON_LITERAL_NULL_CONVERSION = YES;
				CLANG_WARN_OBJC_IMPLICIT_RETAIN_SELF = YES;
				CLANG_WARN_OBJC_LITERAL_CONVERSION = YES;
				CLANG_WARN_OBJC_ROOT_CLASS = YES_ERROR;
				CLANG_WARN_RANGE_LOOP_ANALYSIS = YES;
				CLANG_WARN_STRICT_PROTOTYPES = YES;
				CLANG_WARN_SUSPICIOUS_MOVE = YES;
				CLANG_WARN_UNGUARDED_AVAILABILITY = YES_AGGRESSIVE;
				CLANG_WARN_UNREACHABLE_CODE = YES;
				CLANG_WARN__DUPLICATE_METHOD_MATCH = YES;
				CODE_SIGN_IDENTITY = "iPhone Developer";
				COPY_PHASE_STRIP = NO;
				DEBUG_INFORMATION_FORMAT = "dwarf-with-dsym";
				ENABLE_NS_ASSERTIONS = NO;
				ENABLE_STRICT_OBJC_MSGSEND = YES;
				GCC_C_LANGUAGE_STANDARD = gnu11;
				GCC_NO_COMMON_BLOCKS = YES;
				GCC_WARN_64_TO_32_BIT_CONVERSION = YES;
				GCC_WARN_ABOUT_RETURN_TYPE = YES_ERROR;
				GCC_WARN_UNDECLARED_SELECTOR = YES;
				GCC_WARN_UNINITIALIZED_AUTOS = YES_AGGRESSIVE;
				GCC_WARN_UNUSED_FUNCTION = YES;
				GCC_WARN_UNUSED_VARIABLE = YES;
				IPHONEOS_DEPLOYMENT_TARGET = 12.1;
				MTL_ENABLE_DEBUG_INFO = NO;
				MTL_FAST_MATH = YES;
				SDKROOT = iphoneos;
				SWIFT_COMPILATION_MODE = wholemodule;
				SWIFT_OPTIMIZATION_LEVEL = "-O";
				VALIDATE_PRODUCT = YES;
			};
			name = Release;
		};
		67DB949721FD4C22000F17ED /* Debug */ = {
			isa = XCBuildConfiguration;
			baseConfigurationReference = BD9BF595FF0EE4BA2BB35FBA /* Pods-QuitaLikePicker.debug.xcconfig */;
			buildSettings = {
				ASSETCATALOG_COMPILER_APPICON_NAME = AppIcon;
				CODE_SIGN_STYLE = Automatic;
				DEVELOPMENT_TEAM = 92S7PT7663;
				INFOPLIST_FILE = QuitaLikePicker/Info.plist;
				LD_RUNPATH_SEARCH_PATHS = (
					"$(inherited)",
					"@executable_path/Frameworks",
				);
				PRODUCT_BUNDLE_IDENTIFIER = jp.co.yamatatsu.Tinder;
				PRODUCT_NAME = "$(TARGET_NAME)";
				SWIFT_VERSION = 4.2;
				TARGETED_DEVICE_FAMILY = "1,2";
			};
			name = Debug;
		};
		67DB949821FD4C22000F17ED /* Release */ = {
			isa = XCBuildConfiguration;
			baseConfigurationReference = E0A134D0C73EDE8CB2573D48 /* Pods-QuitaLikePicker.release.xcconfig */;
			buildSettings = {
				ASSETCATALOG_COMPILER_APPICON_NAME = AppIcon;
				CODE_SIGN_STYLE = Automatic;
				DEVELOPMENT_TEAM = 92S7PT7663;
				INFOPLIST_FILE = QuitaLikePicker/Info.plist;
				LD_RUNPATH_SEARCH_PATHS = (
					"$(inherited)",
					"@executable_path/Frameworks",
				);
				PRODUCT_BUNDLE_IDENTIFIER = jp.co.yamatatsu.Tinder;
				PRODUCT_NAME = "$(TARGET_NAME)";
				SWIFT_VERSION = 4.2;
				TARGETED_DEVICE_FAMILY = "1,2";
			};
			name = Release;
		};
/* End XCBuildConfiguration section */

/* Begin XCConfigurationList section */
		67DB947F21FD4C21000F17ED /* Build configuration list for PBXProject "QuitaLikePicker" */ = {
			isa = XCConfigurationList;
			buildConfigurations = (
				67DB949421FD4C22000F17ED /* Debug */,
				67DB949521FD4C22000F17ED /* Release */,
			);
			defaultConfigurationIsVisible = 0;
			defaultConfigurationName = Release;
		};
		67DB949621FD4C22000F17ED /* Build configuration list for PBXNativeTarget "QuitaLikePicker" */ = {
			isa = XCConfigurationList;
			buildConfigurations = (
				67DB949721FD4C22000F17ED /* Debug */,
				67DB949821FD4C22000F17ED /* Release */,
			);
			defaultConfigurationIsVisible = 0;
			defaultConfigurationName = Release;
		};
/* End XCConfigurationList section */
	};
	rootObject = 67DB947C21FD4C21000F17ED /* Project object */;
}
